
Microsoft Visual Studio Solution File, Format Version 12.00
# Visual Studio Version 17
VisualStudioVersion = 17.5.002.0
MinimumVisualStudioVersion = 10.0.40219.1
Project("{9A19103F-16F7-4668-BE54-9A1E7A4F7556}") = "Api", "Api\Api.csproj", "{8A3B3F39-8F12-4543-BD05-386801EC3184}"
EndProject
Global
	GlobalSection(SolutionConfigurationPlatforms) = preSolution
		Debug|Any CPU = Debug|Any CPU
		Release|Any CPU = Release|Any CPU
	EndGlobalSection
	GlobalSection(ProjectConfigurationPlatforms) = postSolution
		{8A3B3F39-8F12-4543-BD05-386801EC3184}.Debug|Any CPU.ActiveCfg = Debug|Any CPU
		{8A3B3F39-8F12-4543-BD05-386801EC3184}.Debug|Any CPU.Build.0 = Debug|Any CPU
		{8A3B3F39-8F12-4543-BD05-386801EC3184}.Release|Any CPU.ActiveCfg = Release|Any CPU
		{8A3B3F39-8F12-4543-BD05-386801EC3184}.Release|Any CPU.Build.0 = Release|Any CPU
	EndGlobalSection
	GlobalSection(SolutionProperties) = preSolution
		HideSolutionNode = FALSE
	EndGlobalSection
	GlobalSection(ExtensibilityGlobals) = postSolution
		SolutionGuid = {73F58BCB-BF83-443A-A148-0CD82EFF10A9}
	EndGlobalSection
EndGlobal
